
Microsoft Visual Studio Solution File, Format Version 12.00
# Visual Studio 15
VisualStudioVersion = 15.0.28307.1022
MinimumVisualStudioVersion = 10.0.40219.1
Project("{8BC9CEB8-8B4A-11D0-8D11-00A0C91BC942}") = "8-7", "8-7\8-7.vcxproj", "{F76D6B3D-A10A-494D-8986-680532FDD3D5}"
EndProject
Global
	GlobalSection(SolutionConfigurationPlatforms) = preSolution
		Debug|x64 = Debug|x64
		Debug|x86 = Debug|x86
		Release|x64 = Release|x64
		Release|x86 = Release|x86
	EndGlobalSection
	GlobalSection(ProjectConfigurationPlatforms) = postSolution
		{F76D6B3D-A10A-494D-8986-680532FDD3D5}.Debug|x64.ActiveCfg = Debug|x64
		{F76D6B3D-A10A-494D-8986-680532FDD3D5}.Debug|x64.Build.0 = Debug|x64
		{F76D6B3D-A10A-494D-8986-680532FDD3D5}.Debug|x86.ActiveCfg = Debug|Win32
		{F76D6B3D-A10A-494D-8986-680532FDD3D5}.Debug|x86.Build.0 = Debug|Win32
		{F76D6B3D-A10A-494D-8986-680532FDD3D5}.Release|x64.ActiveCfg = Release|x64
		{F76D6B3D-A10A-494D-8986-680532FDD3D5}.Release|x64.Build.0 = Release|x64
		{F76D6B3D-A10A-494D-8986-680532FDD3D5}.Release|x86.ActiveCfg = Release|Win32
		{F76D6B3D-A10A-494D-8986-680532FDD3D5}.Release|x86.Build.0 = Release|Win32
	EndGlobalSection
	GlobalSection(SolutionProperties) = preSolution
		HideSolutionNode = FALSE
	EndGlobalSection
	GlobalSection(ExtensibilityGlobals) = postSolution
		SolutionGuid = {183EDA60-4439-4A0E-A5EB-95D8CA232AD7}
	EndGlobalSection
EndGlobal
