
Microsoft Visual Studio Solution File, Format Version 12.00
# Visual Studio 15
VisualStudioVersion = 15.0.28307.1022
MinimumVisualStudioVersion = 10.0.40219.1
Project("{8BC9CEB8-8B4A-11D0-8D11-00A0C91BC942}") = "6-12", "6-12\6-12.vcxproj", "{5FBBF151-2C81-4EF8-BD2E-9BA5AC3C0BEF}"
EndProject
Global
	GlobalSection(SolutionConfigurationPlatforms) = preSolution
		Debug|x64 = Debug|x64
		Debug|x86 = Debug|x86
		Release|x64 = Release|x64
		Release|x86 = Release|x86
	EndGlobalSection
	GlobalSection(ProjectConfigurationPlatforms) = postSolution
		{5FBBF151-2C81-4EF8-BD2E-9BA5AC3C0BEF}.Debug|x64.ActiveCfg = Debug|x64
		{5FBBF151-2C81-4EF8-BD2E-9BA5AC3C0BEF}.Debug|x64.Build.0 = Debug|x64
		{5FBBF151-2C81-4EF8-BD2E-9BA5AC3C0BEF}.Debug|x86.ActiveCfg = Debug|Win32
		{5FBBF151-2C81-4EF8-BD2E-9BA5AC3C0BEF}.Debug|x86.Build.0 = Debug|Win32
		{5FBBF151-2C81-4EF8-BD2E-9BA5AC3C0BEF}.Release|x64.ActiveCfg = Release|x64
		{5FBBF151-2C81-4EF8-BD2E-9BA5AC3C0BEF}.Release|x64.Build.0 = Release|x64
		{5FBBF151-2C81-4EF8-BD2E-9BA5AC3C0BEF}.Release|x86.ActiveCfg = Release|Win32
		{5FBBF151-2C81-4EF8-BD2E-9BA5AC3C0BEF}.Release|x86.Build.0 = Release|Win32
	EndGlobalSection
	GlobalSection(SolutionProperties) = preSolution
		HideSolutionNode = FALSE
	EndGlobalSection
	GlobalSection(ExtensibilityGlobals) = postSolution
		SolutionGuid = {9D9EB7E5-744B-4234-941C-CCFB3978D125}
	EndGlobalSection
EndGlobal
